{
  "name": "paypal-scrape",
  "version": "1.0.0",
  "lockfileVersion": 2,
  "requires": true,
  "packages": {
    "": {
      "name": "paypal-scrape",
      "version": "1.0.0",
      "license": "ISC",
      "dependencies": {
        "htmldom": "^4.0.11"
      }
    },
    "node_modules/htmldom": {
      "version": "4.0.11",
      "resolved": "https://registry.npmjs.org/htmldom/-/htmldom-4.0.11.tgz",
      "integrity": "sha512-W8Dayv3yLxxduG5IFZGvYosw4Okm1/0ZpobbJBejaBMAuSuI6chHmEw2aFopF7m2IxPhMO7UX1lDxclyFUi3Pw=="
    }
  },
  "dependencies": {
    "htmldom": {
      "version": "4.0.11",
      "resolved": "https://registry.npmjs.org/htmldom/-/htmldom-4.0.11.tgz",
      "integrity": "sha512-W8Dayv3yLxxduG5IFZGvYosw4Okm1/0ZpobbJBejaBMAuSuI6chHmEw2aFopF7m2IxPhMO7UX1lDxclyFUi3Pw=="
    }
  }
}
